
Microsoft Visual Studio Solution File, Format Version 12.00
# Visual Studio Version 16
VisualStudioVersion = 16.0.29709.97
MinimumVisualStudioVersion = 10.0.40219.1
Project("{9A19103F-16F7-4668-BE54-9A1E7A4F7556}") = "TinyCrm.Core", "TinyCrm.Core\TinyCrm.Core.csproj", "{409CA794-FC57-4680-88BD-9F202166A0EA}"
EndProject
Project("{9A19103F-16F7-4668-BE54-9A1E7A4F7556}") = "TinyCrmConsole", "TinyCrmConsole\TinyCrmConsole.csproj", "{3B6DDDE1-1075-48D3-B36E-37E086FF2E70}"
EndProject
Project("{9A19103F-16F7-4668-BE54-9A1E7A4F7556}") = "TinyCrm.Tests", "TinyCrm.Tests\TinyCrm.Tests.csproj", "{D421069D-3223-446F-AB75-E4A3E495B1FD}"
EndProject
Project("{FAE04EC0-301F-11D3-BF4B-00C04F79EFBC}") = "TinyCrm.Web", "TinyCrm.Web\TinyCrm.Web.csproj", "{65E57C41-28D6-4C38-BF09-13B839C1AE7F}"
EndProject
Global
	GlobalSection(SolutionConfigurationPlatforms) = preSolution
		Debug|Any CPU = Debug|Any CPU
		Release|Any CPU = Release|Any CPU
	EndGlobalSection
	GlobalSection(ProjectConfigurationPlatforms) = postSolution
		{409CA794-FC57-4680-88BD-9F202166A0EA}.Debug|Any CPU.ActiveCfg = Debug|Any CPU
		{409CA794-FC57-4680-88BD-9F202166A0EA}.Debug|Any CPU.Build.0 = Debug|Any CPU
		{409CA794-FC57-4680-88BD-9F202166A0EA}.Release|Any CPU.ActiveCfg = Release|Any CPU
		{409CA794-FC57-4680-88BD-9F202166A0EA}.Release|Any CPU.Build.0 = Release|Any CPU
		{3B6DDDE1-1075-48D3-B36E-37E086FF2E70}.Debug|Any CPU.ActiveCfg = Debug|Any CPU
		{3B6DDDE1-1075-48D3-B36E-37E086FF2E70}.Debug|Any CPU.Build.0 = Debug|Any CPU
		{3B6DDDE1-1075-48D3-B36E-37E086FF2E70}.Release|Any CPU.ActiveCfg = Release|Any CPU
		{3B6DDDE1-1075-48D3-B36E-37E086FF2E70}.Release|Any CPU.Build.0 = Release|Any CPU
		{D421069D-3223-446F-AB75-E4A3E495B1FD}.Debug|Any CPU.ActiveCfg = Debug|Any CPU
		{D421069D-3223-446F-AB75-E4A3E495B1FD}.Debug|Any CPU.Build.0 = Debug|Any CPU
		{D421069D-3223-446F-AB75-E4A3E495B1FD}.Release|Any CPU.ActiveCfg = Release|Any CPU
		{D421069D-3223-446F-AB75-E4A3E495B1FD}.Release|Any CPU.Build.0 = Release|Any CPU
		{65E57C41-28D6-4C38-BF09-13B839C1AE7F}.Debug|Any CPU.ActiveCfg = Debug|Any CPU
		{65E57C41-28D6-4C38-BF09-13B839C1AE7F}.Debug|Any CPU.Build.0 = Debug|Any CPU
		{65E57C41-28D6-4C38-BF09-13B839C1AE7F}.Release|Any CPU.ActiveCfg = Release|Any CPU
		{65E57C41-28D6-4C38-BF09-13B839C1AE7F}.Release|Any CPU.Build.0 = Release|Any CPU
	EndGlobalSection
	GlobalSection(SolutionProperties) = preSolution
		HideSolutionNode = FALSE
	EndGlobalSection
	GlobalSection(ExtensibilityGlobals) = postSolution
		SolutionGuid = {49F14929-4A44-4DAB-8E8D-9561432AC213}
	EndGlobalSection
EndGlobal
